
Microsoft Visual Studio Solution File, Format Version 12.00
# Visual Studio Version 17
VisualStudioVersion = 17.9.34728.123
MinimumVisualStudioVersion = 10.0.40219.1
Project("{FAE04EC0-301F-11D3-BF4B-00C04F79EFBC}") = "asynch", "asynch\asynch.csproj", "{6598D8F8-7225-4875-8D1C-51BE4680F0B5}"
EndProject
Global
	GlobalSection(SolutionConfigurationPlatforms) = preSolution
		Debug|Any CPU = Debug|Any CPU
		Release|Any CPU = Release|Any CPU
	EndGlobalSection
	GlobalSection(ProjectConfigurationPlatforms) = postSolution
		{6598D8F8-7225-4875-8D1C-51BE4680F0B5}.Debug|Any CPU.ActiveCfg = Debug|Any CPU
		{6598D8F8-7225-4875-8D1C-51BE4680F0B5}.Debug|Any CPU.Build.0 = Debug|Any CPU
		{6598D8F8-7225-4875-8D1C-51BE4680F0B5}.Release|Any CPU.ActiveCfg = Release|Any CPU
		{6598D8F8-7225-4875-8D1C-51BE4680F0B5}.Release|Any CPU.Build.0 = Release|Any CPU
	EndGlobalSection
	GlobalSection(SolutionProperties) = preSolution
		HideSolutionNode = FALSE
	EndGlobalSection
	GlobalSection(ExtensibilityGlobals) = postSolution
		SolutionGuid = {489102B3-350C-472E-AF2A-1DE241F45346}
	EndGlobalSection
EndGlobal
